
Microsoft Visual Studio Solution File, Format Version 12.00
# Visual Studio Version 17
VisualStudioVersion = 17.7.34003.232
MinimumVisualStudioVersion = 10.0.40219.1
Project("{FAE04EC0-301F-11D3-BF4B-00C04F79EFBC}") = "blogEntityFramework", "blogEntityFramework.csproj", "{69929E20-66A3-4586-9A27-0AA95F28EC68}"
EndProject
Global
	GlobalSection(SolutionConfigurationPlatforms) = preSolution
		Debug|Any CPU = Debug|Any CPU
		Release|Any CPU = Release|Any CPU
	EndGlobalSection
	GlobalSection(ProjectConfigurationPlatforms) = postSolution
		{69929E20-66A3-4586-9A27-0AA95F28EC68}.Debug|Any CPU.ActiveCfg = Debug|Any CPU
		{69929E20-66A3-4586-9A27-0AA95F28EC68}.Debug|Any CPU.Build.0 = Debug|Any CPU
		{69929E20-66A3-4586-9A27-0AA95F28EC68}.Release|Any CPU.ActiveCfg = Release|Any CPU
		{69929E20-66A3-4586-9A27-0AA95F28EC68}.Release|Any CPU.Build.0 = Release|Any CPU
	EndGlobalSection
	GlobalSection(SolutionProperties) = preSolution
		HideSolutionNode = FALSE
	EndGlobalSection
	GlobalSection(ExtensibilityGlobals) = postSolution
		SolutionGuid = {A2960C44-E6CC-4CAB-A8F6-0C0BEB432F8C}
	EndGlobalSection
EndGlobal
